dependencies:
  board_led:
    component_hash: 5065611988712140bdc42c815ed2c766c6e9e7bdf4280f1d21ea58c7653ec6fe
    dependencies: []
    source:
      git: https://github.com/ShaunPCcom/esp32-zigbee-common.git
      path: board_led
      type: git
    version: 07ac2afab424584138ef7adf505d9a7086530047
  crash_diag:
    component_hash: f8254309dacfafa90e6e04dd4692e78fdd5563bd1392825a8811ca53149ec460
    dependencies: []
    source:
      git: https://github.com/ShaunPCcom/esp32-zigbee-common.git
      path: crash_diag
      type: git
    version: 07ac2afab424584138ef7adf505d9a7086530047
  espressif/esp-zboss-lib:
    component_hash: 321883d142421f65009972408287441794250057668a11abbdfd8bec77c3309a
    dependencies:
    - name: idf
      require: private
      version: '>=5.0'
    source:
      registry_url: https://components.espressif.com/
      type: service
    version: 1.6.4
  espressif/esp-zigbee-lib:
    component_hash: fa0812e6743e2a7d999af9f44ccdcea17ccb1e80f98d6b2956f44687503a88fd
    dependencies:
    - name: idf
      require: private
      version: '>=5.0'
    source:
      registry_url: https://components.espressif.com/
      type: service
    version: 1.6.8
  espressif/led_strip:
    component_hash: 28621486f77229aaf81c71f5e15d6fbf36c2949cf11094e07090593e659e7639
    dependencies:
    - name: idf
      require: private
      version: '>=5.0'
    source:
      registry_url: https://components.espressif.com/
      type: service
    version: 3.0.3
  idf:
    source:
      type: idf
    version: 5.5.3
  zigbee_core:
    component_hash: 49bf2c30a4bf90aff2e8a7b034be48526fbf3a40c3542a631a89945cf73f2309
    dependencies: []
    source:
      git: https://github.com/ShaunPCcom/esp32-zigbee-common.git
      path: zigbee_core
      type: git
    version: 07ac2afab424584138ef7adf505d9a7086530047
  zigbee_ota:
    component_hash: 76675260d368fccf04aa24d560d7d40960a283387d8e678dc1267a8715de1c95
    dependencies:
    - name: espressif/esp-zigbee-lib
      version: '>=1.0.0'
    - name: idf
      version: '>=5.3.0'
    source:
      git: https://github.com/ShaunPCcom/esp32-zigbee-ota.git
      path: .
      type: git
    targets:
    - esp32h2
    - esp32c6
    version: 138bf217a49ab8d61841b02487941a40648f3194
direct_dependencies:
- board_led
- crash_diag
- espressif/esp-zboss-lib
- espressif/esp-zigbee-lib
- espressif/led_strip
- idf
- zigbee_core
- zigbee_ota
manifest_hash: 4a21ef379a599a899f21593ee1cc6847014b295f2f0589da8e335a35c49a86ed
target: esp32h2
version: 2.0.0
